
Microsoft Visual Studio Solution File, Format Version 12.00
# Visual Studio Version 16
VisualStudioVersion = 16.0.29728.190
MinimumVisualStudioVersion = 10.0.40219.1
Project("{2150E333-8FDC-42A3-9474-1A3956D46DE8}") = "docs", "docs", "{B287DE8F-8FC3-4CD0-B804-17BDB8D4346D}"
	ProjectSection(SolutionItems) = preProject
		azure-pipelines.yml = azure-pipelines.yml
		README.md = README.md
	EndProjectSection
EndProject
Project("{9A19103F-16F7-4668-BE54-9A1E7A4F7556}") = "DevOps.Core", "DevOps.Core\DevOps.Core.csproj", "{F5DC55E9-A301-4358-93EF-F9BD558A93E7}"
EndProject
Project("{9A19103F-16F7-4668-BE54-9A1E7A4F7556}") = "DevOps.Web", "DevOps.Web\DevOps.Web.csproj", "{56C44AB4-EDE0-41E6-A6D1-24D64C3CE160}"
EndProject
Project("{FAE04EC0-301F-11D3-BF4B-00C04F79EFBC}") = "DevOps.Api", "DevOps.Api\DevOps.Api.csproj", "{F5929FBF-18DF-4B68-BEFC-E23B6D4F0022}"
EndProject
Project("{E53339B2-1760-4266-BCC7-CA923CBCF16C}") = "docker-compose", "docker-compose.dcproj", "{47436F11-A9C1-41C7-9ABC-CAAA8EC6BF76}"
EndProject
Global
	GlobalSection(SolutionConfigurationPlatforms) = preSolution
		Debug|Any CPU = Debug|Any CPU
		Release|Any CPU = Release|Any CPU
	EndGlobalSection
	GlobalSection(ProjectConfigurationPlatforms) = postSolution
		{F5DC55E9-A301-4358-93EF-F9BD558A93E7}.Debug|Any CPU.ActiveCfg = Debug|Any CPU
		{F5DC55E9-A301-4358-93EF-F9BD558A93E7}.Debug|Any CPU.Build.0 = Debug|Any CPU
		{F5DC55E9-A301-4358-93EF-F9BD558A93E7}.Release|Any CPU.ActiveCfg = Release|Any CPU
		{F5DC55E9-A301-4358-93EF-F9BD558A93E7}.Release|Any CPU.Build.0 = Release|Any CPU
		{56C44AB4-EDE0-41E6-A6D1-24D64C3CE160}.Debug|Any CPU.ActiveCfg = Debug|Any CPU
		{56C44AB4-EDE0-41E6-A6D1-24D64C3CE160}.Debug|Any CPU.Build.0 = Debug|Any CPU
		{56C44AB4-EDE0-41E6-A6D1-24D64C3CE160}.Release|Any CPU.ActiveCfg = Release|Any CPU
		{56C44AB4-EDE0-41E6-A6D1-24D64C3CE160}.Release|Any CPU.Build.0 = Release|Any CPU
		{F5929FBF-18DF-4B68-BEFC-E23B6D4F0022}.Debug|Any CPU.ActiveCfg = Debug|Any CPU
		{F5929FBF-18DF-4B68-BEFC-E23B6D4F0022}.Debug|Any CPU.Build.0 = Debug|Any CPU
		{F5929FBF-18DF-4B68-BEFC-E23B6D4F0022}.Release|Any CPU.ActiveCfg = Release|Any CPU
		{F5929FBF-18DF-4B68-BEFC-E23B6D4F0022}.Release|Any CPU.Build.0 = Release|Any CPU
		{47436F11-A9C1-41C7-9ABC-CAAA8EC6BF76}.Debug|Any CPU.ActiveCfg = Debug|Any CPU
		{47436F11-A9C1-41C7-9ABC-CAAA8EC6BF76}.Debug|Any CPU.Build.0 = Debug|Any CPU
		{47436F11-A9C1-41C7-9ABC-CAAA8EC6BF76}.Release|Any CPU.ActiveCfg = Release|Any CPU
		{47436F11-A9C1-41C7-9ABC-CAAA8EC6BF76}.Release|Any CPU.Build.0 = Release|Any CPU
	EndGlobalSection
	GlobalSection(SolutionProperties) = preSolution
		HideSolutionNode = FALSE
	EndGlobalSection
	GlobalSection(ExtensibilityGlobals) = postSolution
		SolutionGuid = {4CF88C8F-1254-47FA-80DC-E0D0C895371C}
	EndGlobalSection
EndGlobal
