
Microsoft Visual Studio Solution File, Format Version 12.00
# Visual Studio Version 17
VisualStudioVersion = 17.2.32526.322
MinimumVisualStudioVersion = 10.0.40219.1
Project("{9A19103F-16F7-4668-BE54-9A1E7A4F7556}") = "DevOps.Core", "DevOps.Core\DevOps.Core.csproj", "{F5DC55E9-A301-4358-93EF-F9BD558A93E7}"
EndProject
Project("{9A19103F-16F7-4668-BE54-9A1E7A4F7556}") = "DevOps.Web", "DevOps.Web\DevOps.Web.csproj", "{56C44AB4-EDE0-41E6-A6D1-24D64C3CE160}"
EndProject
Project("{9A19103F-16F7-4668-BE54-9A1E7A4F7556}") = "DevOps.Api", "DevOps.Api\DevOps.Api.csproj", "{76912240-A09B-4A30-88A3-63FF210A5549}"
EndProject
Project("{2150E333-8FDC-42A3-9474-1A3956D46DE8}") = "解决方案项", "解决方案项", "{335EE913-5520-465C-8C11-422622A17894}"
	ProjectSection(SolutionItems) = preProject
		azure-pipelines.yml = azure-pipelines.yml
		README.md = README.md
		run_devops_api.bash = run_devops_api.bash
		run_devops_web.bash = run_devops_web.bash
	EndProjectSection
EndProject
Project("{E53339B2-1760-4266-BCC7-CA923CBCF16C}") = "docker-compose", "docker-compose.dcproj", "{EEB8DA5E-3777-4BAD-B6AA-497753341D82}"
EndProject
Global
	GlobalSection(SolutionConfigurationPlatforms) = preSolution
		Debug|Any CPU = Debug|Any CPU
		Release|Any CPU = Release|Any CPU
	EndGlobalSection
	GlobalSection(ProjectConfigurationPlatforms) = postSolution
		{F5DC55E9-A301-4358-93EF-F9BD558A93E7}.Debug|Any CPU.ActiveCfg = Debug|Any CPU
		{F5DC55E9-A301-4358-93EF-F9BD558A93E7}.Debug|Any CPU.Build.0 = Debug|Any CPU
		{F5DC55E9-A301-4358-93EF-F9BD558A93E7}.Release|Any CPU.ActiveCfg = Release|Any CPU
		{F5DC55E9-A301-4358-93EF-F9BD558A93E7}.Release|Any CPU.Build.0 = Release|Any CPU
		{56C44AB4-EDE0-41E6-A6D1-24D64C3CE160}.Debug|Any CPU.ActiveCfg = Debug|Any CPU
		{56C44AB4-EDE0-41E6-A6D1-24D64C3CE160}.Debug|Any CPU.Build.0 = Debug|Any CPU
		{56C44AB4-EDE0-41E6-A6D1-24D64C3CE160}.Release|Any CPU.ActiveCfg = Release|Any CPU
		{56C44AB4-EDE0-41E6-A6D1-24D64C3CE160}.Release|Any CPU.Build.0 = Release|Any CPU
		{76912240-A09B-4A30-88A3-63FF210A5549}.Debug|Any CPU.ActiveCfg = Debug|Any CPU
		{76912240-A09B-4A30-88A3-63FF210A5549}.Debug|Any CPU.Build.0 = Debug|Any CPU
		{76912240-A09B-4A30-88A3-63FF210A5549}.Release|Any CPU.ActiveCfg = Release|Any CPU
		{76912240-A09B-4A30-88A3-63FF210A5549}.Release|Any CPU.Build.0 = Release|Any CPU
		{EEB8DA5E-3777-4BAD-B6AA-497753341D82}.Debug|Any CPU.ActiveCfg = Debug|Any CPU
		{EEB8DA5E-3777-4BAD-B6AA-497753341D82}.Debug|Any CPU.Build.0 = Debug|Any CPU
		{EEB8DA5E-3777-4BAD-B6AA-497753341D82}.Release|Any CPU.ActiveCfg = Release|Any CPU
		{EEB8DA5E-3777-4BAD-B6AA-497753341D82}.Release|Any CPU.Build.0 = Release|Any CPU
	EndGlobalSection
	GlobalSection(SolutionProperties) = preSolution
		HideSolutionNode = FALSE
	EndGlobalSection
	GlobalSection(ExtensibilityGlobals) = postSolution
		SolutionGuid = {4CF88C8F-1254-47FA-80DC-E0D0C895371C}
	EndGlobalSection
EndGlobal
